FORGE
  remote: https://forgeapi.puppetlabs.com
  specs:
    puppetlabs-java (1.5.0)
      puppetlabs-stdlib (< 5.0.0, >= 2.4.0)
    puppetlabs-stdlib (4.12.0)
    stahnma-epel (1.2.2)
      puppetlabs-stdlib (>= 3.0.0)
    stankevich-python (1.12.0)
      puppetlabs-stdlib (< 6.0.0, >= 4.6.0)
      stahnma-epel (< 2.0.0, >= 1.0.1)

PATH
  remote: ./local-modules/androidstudio/
  specs:
    jacobamason-androidstudio (0.0.1)

PATH
  remote: ./local-modules/cocos2dx/
  specs:
    jacobamason-cocos2dx (0.0.1)

PATH
  remote: ./local-modules/common/
  specs:
    jacobamason-common (0.0.1)

PATH
  remote: ./local-modules/localusers/
  specs:
    jacobamason-localusers (0.0.1)

PATH
  remote: ./local-modules/pycharm/
  specs:
    jacobamason-pycharm (0.0.1)

DEPENDENCIES
  jacobamason-androidstudio (>= 0)
  jacobamason-cocos2dx (>= 0)
  jacobamason-common (>= 0)
  jacobamason-localusers (>= 0)
  jacobamason-pycharm (>= 0)
  puppetlabs-java (>= 0)
  puppetlabs-stdlib (>= 0)
  stankevich-python (>= 0)

